
Microsoft Visual Studio Solution File, Format Version 12.00
# Visual Studio Version 17
VisualStudioVersion = 17.14.36414.22 d17.14
MinimumVisualStudioVersion = 10.0.40219.1
Project("{FAE04EC0-301F-11D3-BF4B-00C04F79EFBC}") = "PL", "PL\PL.csproj", "{893E83B5-72AA-44E5-BCFA-E19BFADC84EB}"
EndProject
Project("{FAE04EC0-301F-11D3-BF4B-00C04F79EFBC}") = "ML", "ML\ML.csproj", "{C98FA911-310B-40B7-9B1D-D9EB68EA2182}"
EndProject
Project("{FAE04EC0-301F-11D3-BF4B-00C04F79EFBC}") = "DL", "DL\DL.csproj", "{C5A54083-A24A-4FCA-ABD4-3CB0137D963F}"
EndProject
Project("{FAE04EC0-301F-11D3-BF4B-00C04F79EFBC}") = "BL", "BL\BL.csproj", "{7689E778-B92F-4BF0-A0DA-D8D335C02BEA}"
EndProject
Global
	GlobalSection(SolutionConfigurationPlatforms) = preSolution
		Debug|Any CPU = Debug|Any CPU
		Release|Any CPU = Release|Any CPU
	EndGlobalSection
	GlobalSection(ProjectConfigurationPlatforms) = postSolution
		{893E83B5-72AA-44E5-BCFA-E19BFADC84EB}.Debug|Any CPU.ActiveCfg = Debug|Any CPU
		{893E83B5-72AA-44E5-BCFA-E19BFADC84EB}.Debug|Any CPU.Build.0 = Debug|Any CPU
		{893E83B5-72AA-44E5-BCFA-E19BFADC84EB}.Release|Any CPU.ActiveCfg = Release|Any CPU
		{893E83B5-72AA-44E5-BCFA-E19BFADC84EB}.Release|Any CPU.Build.0 = Release|Any CPU
		{C98FA911-310B-40B7-9B1D-D9EB68EA2182}.Debug|Any CPU.ActiveCfg = Debug|Any CPU
		{C98FA911-310B-40B7-9B1D-D9EB68EA2182}.Debug|Any CPU.Build.0 = Debug|Any CPU
		{C98FA911-310B-40B7-9B1D-D9EB68EA2182}.Release|Any CPU.ActiveCfg = Release|Any CPU
		{C98FA911-310B-40B7-9B1D-D9EB68EA2182}.Release|Any CPU.Build.0 = Release|Any CPU
		{C5A54083-A24A-4FCA-ABD4-3CB0137D963F}.Debug|Any CPU.ActiveCfg = Debug|Any CPU
		{C5A54083-A24A-4FCA-ABD4-3CB0137D963F}.Debug|Any CPU.Build.0 = Debug|Any CPU
		{C5A54083-A24A-4FCA-ABD4-3CB0137D963F}.Release|Any CPU.ActiveCfg = Release|Any CPU
		{C5A54083-A24A-4FCA-ABD4-3CB0137D963F}.Release|Any CPU.Build.0 = Release|Any CPU
		{7689E778-B92F-4BF0-A0DA-D8D335C02BEA}.Debug|Any CPU.ActiveCfg = Debug|Any CPU
		{7689E778-B92F-4BF0-A0DA-D8D335C02BEA}.Debug|Any CPU.Build.0 = Debug|Any CPU
		{7689E778-B92F-4BF0-A0DA-D8D335C02BEA}.Release|Any CPU.ActiveCfg = Release|Any CPU
		{7689E778-B92F-4BF0-A0DA-D8D335C02BEA}.Release|Any CPU.Build.0 = Release|Any CPU
	EndGlobalSection
	GlobalSection(SolutionProperties) = preSolution
		HideSolutionNode = FALSE
	EndGlobalSection
	GlobalSection(ExtensibilityGlobals) = postSolution
		SolutionGuid = {DDA05BB0-2B8C-456E-885C-9B17ECA928E7}
	EndGlobalSection
EndGlobal
